
Microsoft Visual Studio Solution File, Format Version 12.00
# Visual Studio Version 17
VisualStudioVersion = 17.3.32929.385
MinimumVisualStudioVersion = 10.0.40219.1
Project("{FAE04EC0-301F-11D3-BF4B-00C04F79EFBC}") = "Tree_View_Application", "Tree_View_Application\Tree_View_Application.csproj", "{165550CC-6420-495D-A8BE-65B3E2354513}"
EndProject
Global
	GlobalSection(SolutionConfigurationPlatforms) = preSolution
		Debug|Any CPU = Debug|Any CPU
		Release|Any CPU = Release|Any CPU
	EndGlobalSection
	GlobalSection(ProjectConfigurationPlatforms) = postSolution
		{165550CC-6420-495D-A8BE-65B3E2354513}.Debug|Any CPU.ActiveCfg = Debug|Any CPU
		{165550CC-6420-495D-A8BE-65B3E2354513}.Debug|Any CPU.Build.0 = Debug|Any CPU
		{165550CC-6420-495D-A8BE-65B3E2354513}.Release|Any CPU.ActiveCfg = Release|Any CPU
		{165550CC-6420-495D-A8BE-65B3E2354513}.Release|Any CPU.Build.0 = Release|Any CPU
	EndGlobalSection
	GlobalSection(SolutionProperties) = preSolution
		HideSolutionNode = FALSE
	EndGlobalSection
	GlobalSection(ExtensibilityGlobals) = postSolution
		SolutionGuid = {06E87285-417B-48A6-A764-D2996F6D3C35}
	EndGlobalSection
EndGlobal
